{
  "version": 4,
  "terraform_version": "1.5.1",
  "serial": 15,
  "lineage": "6810fbce-b51c-ccd9-1c7c-95f97a668f3e",
  "outputs": {},
  "resources": [
    {
      "module": "module.gke_cluster",
      "mode": "managed",
      "type": "google_container_cluster",
      "name": "this",
      "provider": "module.gke_cluster.provider[\"registry.terraform.io/hashicorp/google\"]",
      "instances": [
        {
          "schema_version": 1,
          "attributes": {
            "addons_config": [
              {
                "cloudrun_config": [],
                "config_connector_config": [],
                "dns_cache_config": [],
                "gce_persistent_disk_csi_driver_config": [
                  {
                    "enabled": true
                  }
                ],
                "gcp_filestore_csi_driver_config": [],
                "gke_backup_agent_config": [],
                "horizontal_pod_autoscaling": [],
                "http_load_balancing": [],
                "network_policy_config": [
                  {
                    "disabled": true
                  }
                ]
              }
            ],
            "authenticator_groups_config": [],
            "binary_authorization": [
              {
                "enabled": false,
                "evaluation_mode": ""
              }
            ],
            "cluster_autoscaling": [
              {
                "auto_provisioning_defaults": [],
                "enabled": false,
                "resource_limits": []
              }
            ],
            "cluster_ipv4_cidr": "10.60.0.0/14",
            "confidential_nodes": [],
            "cost_management_config": [],
            "database_encryption": [
              {
                "key_name": "",
                "state": "DECRYPTED"
              }
            ],
            "datapath_provider": "",
            "default_max_pods_per_node": null,
            "default_snat_status": [
              {
                "disabled": false
              }
            ],
            "description": "",
            "dns_config": [],
            "enable_autopilot": false,
            "enable_binary_authorization": false,
            "enable_intranode_visibility": false,
            "enable_kubernetes_alpha": false,
            "enable_l4_ilb_subsetting": false,
            "enable_legacy_abac": false,
            "enable_shielded_nodes": true,
            "enable_tpu": false,
            "endpoint": "130.211.68.144",
            "gateway_api_config": [],
            "id": "projects/k8s-test5/locations/europe-west1-d/clusters/main",
            "initial_node_count": 1,
            "ip_allocation_policy": [],
            "label_fingerprint": "a9dc16a7",
            "location": "europe-west1-d",
            "logging_config": [
              {
                "enable_components": [
                  "SYSTEM_COMPONENTS",
                  "WORKLOADS"
                ]
              }
            ],
            "logging_service": "logging.googleapis.com/kubernetes",
            "maintenance_policy": [],
            "master_auth": [
              {
                "client_certificate": "",
                "client_certificate_config": [
                  {
                    "issue_client_certificate": false
                  }
                ],
                "client_key": "",
                "cluster_ca_certificate": "LS0tLS1CRUdJTiBDRVJUSUZJQ0FURS0tLS0tCk1JSUVMVENDQXBXZ0F3SUJBZ0lSQU5FTGhyK01ONGVVRFZja0Y1K1dWSU13RFFZSktvWklodmNOQVFFTEJRQXcKTHpFdE1Dc0dBMVVFQXhNa09UVTNPRE0wTkdJdE5qQXhaUzAwTXpVMExXRXlZakF0WW1NME1EYzNZVEF3TmpFNQpNQ0FYRFRJek1EY3dNekU0TVRBME0xb1lEekl3TlRNd05qSTFNVGt4TURReldqQXZNUzB3S3dZRFZRUURFeVE1Ck5UYzRNelEwWWkwMk1ERmxMVFF6TlRRdFlUSmlNQzFpWXpRd056ZGhNREEyTVRrd2dnR2lNQTBHQ1NxR1NJYjMKRFFFQkFRVUFBNElCandBd2dnR0tBb0lCZ1FDNVFtc2QrajdVc3R1VjRXVFptNm1sWEtrRlBHZURxVitZdmtKRApxaGhKNWNYVHc1MFhMNUxCNGI5YXM3cE5POHJQVEZsOWpkOFBFcHBhVk95MlpUNnY5Yk8rTzZOYXhnNERDS0lSCjRKWkQ3MUFid0wvVjE1bjh6QzRoWENNb2NwWXBVT0ZWcGp1QWl1ZVRramdCQ0tQeGUzRG9TSFZhYU1VSjlwS0sKMjFTSmV1Sk4xZEFlUVJ3Rnp2NllmdjNkbktWOEFuQnZPRjJDN293dTlJajJTTmYxVlc4U0tkL2FmMzFBSytHUwp1dFlhaEtocjNySnVCYncwMmQyUUxZbGFkaURFbDFjUE44dGluSnZlY1hJeWgvL3hBR01uVTZGNUQ2aGVtNEo2CjhJck02QmRPR2lvV214YnUzeGZvajhLS2UzeitqK2QrQVVBNjdoTHBUWS9KMVRuVEl2QWNvOElnVUN3U2ZTbUwKelVXR2dIYmhwbHJTeHhSbjFKVFhvYjA0dDA3RngrNk92UVJ3NmdHMEFXTlJ1YXhmMXZocWhWVHdNbkdLZ1JveAp0VkV1NzJ4c3REWERMcmlUUExNeEF2V3IvMGdadDlXYmlHRU1BcXg1NHRZQlZBbHRwcEtkU002UExtNFk1amltCkhnems5Vmh1cHFzUzdBM1J5aXRMMkVnWkxMTUNBd0VBQWFOQ01FQXdEZ1lEVlIwUEFRSC9CQVFEQWdJRU1BOEcKQTFVZEV3RUIvd1FGTUFNQkFmOHdIUVlEVlIwT0JCWUVGRU9Ua3ZuSW4rV2ZpZ2hJQWl6dVdBa2dJUG9STUEwRwpDU3FHU0liM0RRRUJDd1VBQTRJQmdRQ2UvYUx1cWJyMDhwcSszSkpQRTdJVjE5OVR0R2NwQm93TzZtc2hjZEhnClE0Nk1sRUdDTThwS0NBV2ZzQXlSRkFGa1VyeGJJTHFTbitYVUR0VmJMUnFMS2tmN1Uxb1VkdXlRSlhWZmJPTXoKenZoSHJXR09GbG9DZmREckFCNmhTSU1ON2k2bzgvNm9yVTBoT1B6UldHMEV2TWxyaEpoNDFqZTBIQ0xaS3RRSwpBMGhNcGRhOHVMcDFoRHhUUmEwaVlGQ2k2MFd0YmlFL2Y3VTJqNG0rbkpaVmFxRXRtZDZEYVZ0bVQ5cDNQNkdOCmoxWWxQMittY2pkRG0yT2xsSElnN1Bzemx5TWlDYnNYQ0JhQ1RES05PTk5QOWFOQk1uMy9vc29RYlBwY1JQdUMKUkhZaEhRQS9SaFh2eE5jK1lkaXhiakIxZkJ1blR0M3V4Z2hwWFMzOHg1SGlkMU9tMXNEbkpKUDJDTS9CQWJtYQptTytwVjIwK2ZuOTc3ZFB1Q20zbFI0NWN2SVJnb3J6TysxN0J1RGZyQ0RrekR6ZFlqMmtWbzl4NjEreXBMY0FXCkwwYW44K0l1a005a3BHakhIYnQxYnV5MlQ4SVRXRHM1M0dHd2p6alhZZ2htQUd1aHJMR3NVT0dsTmk5TFNQdFkKRzJzbEdaNE5ON3Z2cy95NlpZbXJFNFk9Ci0tLS0tRU5EIENFUlRJRklDQVRFLS0tLS0K"
              }
            ],
            "master_authorized_networks_config": [],
            "master_version": "1.25.8-gke.1000",
            "mesh_certificates": [],
            "min_master_version": null,
            "monitoring_config": [
              {
                "enable_components": [
                  "SYSTEM_COMPONENTS"
                ],
                "managed_prometheus": []
              }
            ],
            "monitoring_service": "monitoring.googleapis.com/kubernetes",
            "name": "main",
            "network": "projects/k8s-test5/global/networks/default",
            "network_policy": [
              {
                "enabled": false,
                "provider": "PROVIDER_UNSPECIFIED"
              }
            ],
            "networking_mode": "ROUTES",
            "node_config": [],
            "node_locations": [],
            "node_pool": [],
            "node_pool_defaults": [
              {
                "node_config_defaults": [
                  {
                    "logging_variant": "DEFAULT"
                  }
                ]
              }
            ],
            "node_version": "1.25.8-gke.1000",
            "notification_config": [
              {
                "pubsub": [
                  {
                    "enabled": false,
                    "filter": [],
                    "topic": ""
                  }
                ]
              }
            ],
            "operation": null,
            "private_cluster_config": [
              {
                "enable_private_endpoint": false,
                "enable_private_nodes": false,
                "master_global_access_config": [
                  {
                    "enabled": false
                  }
                ],
                "master_ipv4_cidr_block": "",
                "peering_name": "",
                "private_endpoint": "10.132.0.4",
                "private_endpoint_subnetwork": "",
                "public_endpoint": "130.211.68.144"
              }
            ],
            "private_ipv6_google_access": "",
            "project": "k8s-test5",
            "release_channel": [
              {
                "channel": "REGULAR"
              }
            ],
            "remove_default_node_pool": true,
            "resource_labels": null,
            "resource_usage_export_config": [],
            "self_link": "https://container.googleapis.com/v1/projects/k8s-test5/zones/europe-west1-d/clusters/main",
            "service_external_ips_config": [
              {
                "enabled": false
              }
            ],
            "services_ipv4_cidr": "10.63.240.0/20",
            "subnetwork": "projects/k8s-test5/regions/europe-west1/subnetworks/default",
            "timeouts": null,
            "tpu_ipv4_cidr_block": "",
            "vertical_pod_autoscaling": [],
            "workload_identity_config": [
              {
                "workload_pool": "k8s-test5.svc.id.goog"
              }
            ]
          },
          "sensitive_attributes": [],
          "private": "eyJlMmJmYjczMC1lY2FhLTExZTYtOGY4OC0zNDM2M2JjN2M0YzAiOnsiY3JlYXRlIjoyNDAwMDAwMDAwMDAwLCJkZWxldGUiOjI0MDAwMDAwMDAwMDAsInJlYWQiOjI0MDAwMDAwMDAwMDAsInVwZGF0ZSI6MzYwMDAwMDAwMDAwMH0sInNjaGVtYV92ZXJzaW9uIjoiMSJ9"
        }
      ]
    },
    {
      "module": "module.gke_cluster",
      "mode": "managed",
      "type": "google_container_node_pool",
      "name": "this",
      "provider": "module.gke_cluster.provider[\"registry.terraform.io/hashicorp/google\"]",
      "instances": [
        {
          "schema_version": 1,
          "attributes": {
            "autoscaling": [],
            "cluster": "main",
            "id": "projects/k8s-test5/locations/europe-west1-d/clusters/main/nodePools/main",
            "initial_node_count": 1,
            "instance_group_urls": [
              "https://www.googleapis.com/compute/v1/projects/k8s-test5/zones/europe-west1-d/instanceGroupManagers/gke-main-main-97108368-grp"
            ],
            "location": "europe-west1-d",
            "managed_instance_group_urls": [
              "https://www.googleapis.com/compute/v1/projects/k8s-test5/zones/europe-west1-d/instanceGroups/gke-main-main-97108368-grp"
            ],
            "management": [
              {
                "auto_repair": true,
                "auto_upgrade": true
              }
            ],
            "max_pods_per_node": null,
            "name": "main",
            "name_prefix": "",
            "network_config": [
              {
                "create_pod_range": false,
                "enable_private_nodes": false,
                "pod_ipv4_cidr_block": "",
                "pod_range": ""
              }
            ],
            "node_config": [
              {
                "boot_disk_kms_key": "",
                "disk_size_gb": 100,
                "disk_type": "pd-balanced",
                "gcfs_config": [],
                "guest_accelerator": [],
                "gvnic": [],
                "image_type": "COS_CONTAINERD",
                "kubelet_config": [],
                "labels": {},
                "linux_node_config": [],
                "local_ssd_count": 0,
                "logging_variant": "DEFAULT",
                "machine_type": "e2-small",
                "metadata": {
                  "disable-legacy-endpoints": "true"
                },
                "min_cpu_platform": "",
                "node_group": "",
                "oauth_scopes": [
                  "https://www.googleapis.com/auth/devstorage.read_only",
                  "https://www.googleapis.com/auth/logging.write",
                  "https://www.googleapis.com/auth/monitoring",
                  "https://www.googleapis.com/auth/service.management.readonly",
                  "https://www.googleapis.com/auth/servicecontrol",
                  "https://www.googleapis.com/auth/trace.append"
                ],
                "preemptible": false,
                "reservation_affinity": [],
                "resource_labels": null,
                "service_account": "default",
                "shielded_instance_config": [
                  {
                    "enable_integrity_monitoring": true,
                    "enable_secure_boot": false
                  }
                ],
                "spot": false,
                "tags": null,
                "taint": [],
                "workload_metadata_config": [
                  {
                    "mode": "GKE_METADATA"
                  }
                ]
              }
            ],
            "node_count": 1,
            "node_locations": [
              "europe-west1-d"
            ],
            "operation": null,
            "placement_policy": [],
            "project": "k8s-test5",
            "timeouts": null,
            "upgrade_settings": [
              {
                "blue_green_settings": [],
                "max_surge": 1,
                "max_unavailable": 0,
                "strategy": "SURGE"
              }
            ],
            "version": "1.25.8-gke.1000"
          },
          "sensitive_attributes": [],
          "private": "eyJlMmJmYjczMC1lY2FhLTExZTYtOGY4OC0zNDM2M2JjN2M0YzAiOnsiY3JlYXRlIjoxODAwMDAwMDAwMDAwLCJkZWxldGUiOjE4MDAwMDAwMDAwMDAsInVwZGF0ZSI6MTgwMDAwMDAwMDAwMH0sInNjaGVtYV92ZXJzaW9uIjoiMSJ9",
          "dependencies": [
            "module.gke_cluster.google_container_cluster.this"
          ]
        }
      ]
    },
    {
      "module": "module.gke_cluster",
      "mode": "managed",
      "type": "local_file",
      "name": "kubeconfig",
      "provider": "provider[\"registry.terraform.io/hashicorp/local\"]",
      "instances": [
        {
          "schema_version": 0,
          "attributes": {
            "content": "apiVersion: v1\nclusters:\n- cluster:\n    certificate-authority-data: LS0tLS1CRUdJTiBDRVJUSUZJQ0FURS0tLS0tCk1JSUVMVENDQXBXZ0F3SUJBZ0lSQU5FTGhyK01ONGVVRFZja0Y1K1dWSU13RFFZSktvWklodmNOQVFFTEJRQXcKTHpFdE1Dc0dBMVVFQXhNa09UVTNPRE0wTkdJdE5qQXhaUzAwTXpVMExXRXlZakF0WW1NME1EYzNZVEF3TmpFNQpNQ0FYRFRJek1EY3dNekU0TVRBME0xb1lEekl3TlRNd05qSTFNVGt4TURReldqQXZNUzB3S3dZRFZRUURFeVE1Ck5UYzRNelEwWWkwMk1ERmxMVFF6TlRRdFlUSmlNQzFpWXpRd056ZGhNREEyTVRrd2dnR2lNQTBHQ1NxR1NJYjMKRFFFQkFRVUFBNElCandBd2dnR0tBb0lCZ1FDNVFtc2QrajdVc3R1VjRXVFptNm1sWEtrRlBHZURxVitZdmtKRApxaGhKNWNYVHc1MFhMNUxCNGI5YXM3cE5POHJQVEZsOWpkOFBFcHBhVk95MlpUNnY5Yk8rTzZOYXhnNERDS0lSCjRKWkQ3MUFid0wvVjE1bjh6QzRoWENNb2NwWXBVT0ZWcGp1QWl1ZVRramdCQ0tQeGUzRG9TSFZhYU1VSjlwS0sKMjFTSmV1Sk4xZEFlUVJ3Rnp2NllmdjNkbktWOEFuQnZPRjJDN293dTlJajJTTmYxVlc4U0tkL2FmMzFBSytHUwp1dFlhaEtocjNySnVCYncwMmQyUUxZbGFkaURFbDFjUE44dGluSnZlY1hJeWgvL3hBR01uVTZGNUQ2aGVtNEo2CjhJck02QmRPR2lvV214YnUzeGZvajhLS2UzeitqK2QrQVVBNjdoTHBUWS9KMVRuVEl2QWNvOElnVUN3U2ZTbUwKelVXR2dIYmhwbHJTeHhSbjFKVFhvYjA0dDA3RngrNk92UVJ3NmdHMEFXTlJ1YXhmMXZocWhWVHdNbkdLZ1JveAp0VkV1NzJ4c3REWERMcmlUUExNeEF2V3IvMGdadDlXYmlHRU1BcXg1NHRZQlZBbHRwcEtkU002UExtNFk1amltCkhnems5Vmh1cHFzUzdBM1J5aXRMMkVnWkxMTUNBd0VBQWFOQ01FQXdEZ1lEVlIwUEFRSC9CQVFEQWdJRU1BOEcKQTFVZEV3RUIvd1FGTUFNQkFmOHdIUVlEVlIwT0JCWUVGRU9Ua3ZuSW4rV2ZpZ2hJQWl6dVdBa2dJUG9STUEwRwpDU3FHU0liM0RRRUJDd1VBQTRJQmdRQ2UvYUx1cWJyMDhwcSszSkpQRTdJVjE5OVR0R2NwQm93TzZtc2hjZEhnClE0Nk1sRUdDTThwS0NBV2ZzQXlSRkFGa1VyeGJJTHFTbitYVUR0VmJMUnFMS2tmN1Uxb1VkdXlRSlhWZmJPTXoKenZoSHJXR09GbG9DZmREckFCNmhTSU1ON2k2bzgvNm9yVTBoT1B6UldHMEV2TWxyaEpoNDFqZTBIQ0xaS3RRSwpBMGhNcGRhOHVMcDFoRHhUUmEwaVlGQ2k2MFd0YmlFL2Y3VTJqNG0rbkpaVmFxRXRtZDZEYVZ0bVQ5cDNQNkdOCmoxWWxQMittY2pkRG0yT2xsSElnN1Bzemx5TWlDYnNYQ0JhQ1RES05PTk5QOWFOQk1uMy9vc29RYlBwY1JQdUMKUkhZaEhRQS9SaFh2eE5jK1lkaXhiakIxZkJ1blR0M3V4Z2hwWFMzOHg1SGlkMU9tMXNEbkpKUDJDTS9CQWJtYQptTytwVjIwK2ZuOTc3ZFB1Q20zbFI0NWN2SVJnb3J6TysxN0J1RGZyQ0RrekR6ZFlqMmtWbzl4NjEreXBMY0FXCkwwYW44K0l1a005a3BHakhIYnQxYnV5MlQ4SVRXRHM1M0dHd2p6alhZZ2htQUd1aHJMR3NVT0dsTmk5TFNQdFkKRzJzbEdaNE5ON3Z2cy95NlpZbXJFNFk9Ci0tLS0tRU5EIENFUlRJRklDQVRFLS0tLS0K\n    server: https://130.211.68.144\n  name: main\ncontexts:\n- context:\n    cluster: main\n    user: main\n  name: main\ncurrent-context: main\nkind: Config\npreferences: {}\nusers:\n- name: main\n  user:\n    token: ya29.a0AbVbY6PJ2gPrYFB7uIlcj6GDndF8GFkV5Ykf26yRiS3pQYU_QbZ42mewn9e0cfrpB329nwO9urv-jPT-WBqu-YRz-AgdQ1tfSy0TGY1QD5NO7dk_cL_IUDOVHU8ZnFDe6OJRBdBRgaLlwgWFfStKIbBmHINoHhMCGiTBuiN0ixWEcWLRFHi58Ju-I8farNjNGncQBkKPxyIU80gaCNg6QROPq_7ckhroplnOmzEJWDMvRPk1YbA4LQjSzXban3fApsIbBQh-lRxi9l1bFBjk8oR2mq_owCmRc9iMO7Lw6UNk3ivtNo5e5mivUbtIZ-apoAla1P0bHjpD8ZXx5qqkfbU_M4MAXz08GThsL3CTsrs_qp8X3Z5jVbaq0_W472FsjxnKDinJy9DD8vJDSiPX93xs1LXCaCgYKAeYSARISFQFWKvPlBjdAQjL3etrZKpEWgd_rtw0419\n",
            "content_base64": null,
            "content_base64sha256": "wQmugBbFFlGTjAnmCWQSLHCAN4x+NO/QoEcf2BmQrbA=",
            "content_base64sha512": "8Y88ZtGS2GtRuQ0kU4is4yhP5WB2DgV4D4zYw4z/ItuMLrpsZgkGvXUls37O+JbHgr9JKu9418MUYeonE/Xv7Q==",
            "content_md5": "64c988383d7d2e57da9b389132a34f16",
            "content_sha1": "f5e97aca56c6995ed3d935a9c231bc72f49bca85",
            "content_sha256": "c109ae8016c51651938c09e60964122c7080378c7e34efd0a0471fd81990adb0",
            "content_sha512": "f18f3c66d192d86b51b90d245388ace3284fe560760e05780f8cd8c38cff22db8c2eba6c660906bd7525b37ecef896c782bf492aef78d7c31461ea2713f5efed",
            "directory_permission": "0777",
            "file_permission": "0400",
            "filename": ".terraform/modules/gke_cluster/kubeconfig",
            "id": "f5e97aca56c6995ed3d935a9c231bc72f49bca85",
            "sensitive_content": null,
            "source": null
          },
          "sensitive_attributes": [
            [
              {
                "type": "get_attr",
                "value": "content"
              }
            ]
          ],
          "dependencies": [
            "module.gke_cluster.google_container_cluster.this",
            "module.gke_cluster.module.gke_auth.data.google_client_config.provider",
            "module.gke_cluster.module.gke_auth.data.google_container_cluster.gke_cluster"
          ]
        }
      ]
    },
    {
      "module": "module.gke_cluster.module.gke_auth",
      "mode": "data",
      "type": "google_client_config",
      "name": "provider",
      "provider": "module.gke_cluster.provider[\"registry.terraform.io/hashicorp/google\"]",
      "instances": [
        {
          "schema_version": 0,
          "attributes": {
            "access_token": "ya29.a0AbVbY6PJ2gPrYFB7uIlcj6GDndF8GFkV5Ykf26yRiS3pQYU_QbZ42mewn9e0cfrpB329nwO9urv-jPT-WBqu-YRz-AgdQ1tfSy0TGY1QD5NO7dk_cL_IUDOVHU8ZnFDe6OJRBdBRgaLlwgWFfStKIbBmHINoHhMCGiTBuiN0ixWEcWLRFHi58Ju-I8farNjNGncQBkKPxyIU80gaCNg6QROPq_7ckhroplnOmzEJWDMvRPk1YbA4LQjSzXban3fApsIbBQh-lRxi9l1bFBjk8oR2mq_owCmRc9iMO7Lw6UNk3ivtNo5e5mivUbtIZ-apoAla1P0bHjpD8ZXx5qqkfbU_M4MAXz08GThsL3CTsrs_qp8X3Z5jVbaq0_W472FsjxnKDinJy9DD8vJDSiPX93xs1LXCaCgYKAeYSARISFQFWKvPlBjdAQjL3etrZKpEWgd_rtw0419",
            "id": "projects/k8s-test5/regions/europe-west1-d/zones/",
            "project": "k8s-test5",
            "region": "europe-west1-d",
            "zone": ""
          },
          "sensitive_attributes": []
        }
      ]
    },
    {
      "module": "module.gke_cluster.module.gke_auth",
      "mode": "data",
      "type": "google_container_cluster",
      "name": "gke_cluster",
      "provider": "module.gke_cluster.provider[\"registry.terraform.io/hashicorp/google\"]",
      "instances": [
        {
          "schema_version": 0,
          "attributes": {
            "addons_config": [
              {
                "cloudrun_config": [],
                "config_connector_config": [],
                "dns_cache_config": [],
                "gce_persistent_disk_csi_driver_config": [
                  {
                    "enabled": true
                  }
                ],
                "gcp_filestore_csi_driver_config": [],
                "gke_backup_agent_config": [],
                "horizontal_pod_autoscaling": [],
                "http_load_balancing": [],
                "network_policy_config": [
                  {
                    "disabled": true
                  }
                ]
              }
            ],
            "authenticator_groups_config": [],
            "binary_authorization": [
              {
                "enabled": false,
                "evaluation_mode": ""
              }
            ],
            "cluster_autoscaling": [
              {
                "auto_provisioning_defaults": [],
                "enabled": false,
                "resource_limits": []
              }
            ],
            "cluster_ipv4_cidr": "10.60.0.0/14",
            "confidential_nodes": [],
            "cost_management_config": [],
            "database_encryption": [
              {
                "key_name": "",
                "state": "DECRYPTED"
              }
            ],
            "datapath_provider": "",
            "default_max_pods_per_node": null,
            "default_snat_status": [
              {
                "disabled": false
              }
            ],
            "description": "",
            "dns_config": [],
            "enable_autopilot": false,
            "enable_binary_authorization": false,
            "enable_intranode_visibility": false,
            "enable_kubernetes_alpha": false,
            "enable_l4_ilb_subsetting": false,
            "enable_legacy_abac": false,
            "enable_shielded_nodes": true,
            "enable_tpu": false,
            "endpoint": "130.211.68.144",
            "gateway_api_config": [],
            "id": "projects/k8s-test5/locations/europe-west1-d/clusters/main",
            "initial_node_count": 1,
            "ip_allocation_policy": [],
            "label_fingerprint": "a9dc16a7",
            "location": "europe-west1-d",
            "logging_config": [
              {
                "enable_components": [
                  "SYSTEM_COMPONENTS",
                  "WORKLOADS"
                ]
              }
            ],
            "logging_service": "logging.googleapis.com/kubernetes",
            "maintenance_policy": [],
            "master_auth": [
              {
                "client_certificate": "",
                "client_certificate_config": [
                  {
                    "issue_client_certificate": false
                  }
                ],
                "client_key": "",
                "cluster_ca_certificate": "LS0tLS1CRUdJTiBDRVJUSUZJQ0FURS0tLS0tCk1JSUVMVENDQXBXZ0F3SUJBZ0lSQU5FTGhyK01ONGVVRFZja0Y1K1dWSU13RFFZSktvWklodmNOQVFFTEJRQXcKTHpFdE1Dc0dBMVVFQXhNa09UVTNPRE0wTkdJdE5qQXhaUzAwTXpVMExXRXlZakF0WW1NME1EYzNZVEF3TmpFNQpNQ0FYRFRJek1EY3dNekU0TVRBME0xb1lEekl3TlRNd05qSTFNVGt4TURReldqQXZNUzB3S3dZRFZRUURFeVE1Ck5UYzRNelEwWWkwMk1ERmxMVFF6TlRRdFlUSmlNQzFpWXpRd056ZGhNREEyTVRrd2dnR2lNQTBHQ1NxR1NJYjMKRFFFQkFRVUFBNElCandBd2dnR0tBb0lCZ1FDNVFtc2QrajdVc3R1VjRXVFptNm1sWEtrRlBHZURxVitZdmtKRApxaGhKNWNYVHc1MFhMNUxCNGI5YXM3cE5POHJQVEZsOWpkOFBFcHBhVk95MlpUNnY5Yk8rTzZOYXhnNERDS0lSCjRKWkQ3MUFid0wvVjE1bjh6QzRoWENNb2NwWXBVT0ZWcGp1QWl1ZVRramdCQ0tQeGUzRG9TSFZhYU1VSjlwS0sKMjFTSmV1Sk4xZEFlUVJ3Rnp2NllmdjNkbktWOEFuQnZPRjJDN293dTlJajJTTmYxVlc4U0tkL2FmMzFBSytHUwp1dFlhaEtocjNySnVCYncwMmQyUUxZbGFkaURFbDFjUE44dGluSnZlY1hJeWgvL3hBR01uVTZGNUQ2aGVtNEo2CjhJck02QmRPR2lvV214YnUzeGZvajhLS2UzeitqK2QrQVVBNjdoTHBUWS9KMVRuVEl2QWNvOElnVUN3U2ZTbUwKelVXR2dIYmhwbHJTeHhSbjFKVFhvYjA0dDA3RngrNk92UVJ3NmdHMEFXTlJ1YXhmMXZocWhWVHdNbkdLZ1JveAp0VkV1NzJ4c3REWERMcmlUUExNeEF2V3IvMGdadDlXYmlHRU1BcXg1NHRZQlZBbHRwcEtkU002UExtNFk1amltCkhnems5Vmh1cHFzUzdBM1J5aXRMMkVnWkxMTUNBd0VBQWFOQ01FQXdEZ1lEVlIwUEFRSC9CQVFEQWdJRU1BOEcKQTFVZEV3RUIvd1FGTUFNQkFmOHdIUVlEVlIwT0JCWUVGRU9Ua3ZuSW4rV2ZpZ2hJQWl6dVdBa2dJUG9STUEwRwpDU3FHU0liM0RRRUJDd1VBQTRJQmdRQ2UvYUx1cWJyMDhwcSszSkpQRTdJVjE5OVR0R2NwQm93TzZtc2hjZEhnClE0Nk1sRUdDTThwS0NBV2ZzQXlSRkFGa1VyeGJJTHFTbitYVUR0VmJMUnFMS2tmN1Uxb1VkdXlRSlhWZmJPTXoKenZoSHJXR09GbG9DZmREckFCNmhTSU1ON2k2bzgvNm9yVTBoT1B6UldHMEV2TWxyaEpoNDFqZTBIQ0xaS3RRSwpBMGhNcGRhOHVMcDFoRHhUUmEwaVlGQ2k2MFd0YmlFL2Y3VTJqNG0rbkpaVmFxRXRtZDZEYVZ0bVQ5cDNQNkdOCmoxWWxQMittY2pkRG0yT2xsSElnN1Bzemx5TWlDYnNYQ0JhQ1RES05PTk5QOWFOQk1uMy9vc29RYlBwY1JQdUMKUkhZaEhRQS9SaFh2eE5jK1lkaXhiakIxZkJ1blR0M3V4Z2hwWFMzOHg1SGlkMU9tMXNEbkpKUDJDTS9CQWJtYQptTytwVjIwK2ZuOTc3ZFB1Q20zbFI0NWN2SVJnb3J6TysxN0J1RGZyQ0RrekR6ZFlqMmtWbzl4NjEreXBMY0FXCkwwYW44K0l1a005a3BHakhIYnQxYnV5MlQ4SVRXRHM1M0dHd2p6alhZZ2htQUd1aHJMR3NVT0dsTmk5TFNQdFkKRzJzbEdaNE5ON3Z2cy95NlpZbXJFNFk9Ci0tLS0tRU5EIENFUlRJRklDQVRFLS0tLS0K"
              }
            ],
            "master_authorized_networks_config": [],
            "master_version": "1.25.8-gke.1000",
            "mesh_certificates": [],
            "min_master_version": null,
            "monitoring_config": [
              {
                "enable_components": [
                  "SYSTEM_COMPONENTS"
                ],
                "managed_prometheus": []
              }
            ],
            "monitoring_service": "monitoring.googleapis.com/kubernetes",
            "name": "main",
            "network": "projects/k8s-test5/global/networks/default",
            "network_policy": [
              {
                "enabled": false,
                "provider": "PROVIDER_UNSPECIFIED"
              }
            ],
            "networking_mode": "ROUTES",
            "node_config": [],
            "node_locations": [],
            "node_pool": [],
            "node_pool_defaults": [
              {
                "node_config_defaults": [
                  {
                    "logging_variant": "DEFAULT"
                  }
                ]
              }
            ],
            "node_version": "1.25.8-gke.1000",
            "notification_config": [
              {
                "pubsub": [
                  {
                    "enabled": false,
                    "filter": [],
                    "topic": ""
                  }
                ]
              }
            ],
            "operation": null,
            "private_cluster_config": [
              {
                "enable_private_endpoint": false,
                "enable_private_nodes": false,
                "master_global_access_config": [
                  {
                    "enabled": false
                  }
                ],
                "master_ipv4_cidr_block": "",
                "peering_name": "",
                "private_endpoint": "10.132.0.4",
                "private_endpoint_subnetwork": "",
                "public_endpoint": "130.211.68.144"
              }
            ],
            "private_ipv6_google_access": "",
            "project": "k8s-test5",
            "release_channel": [
              {
                "channel": "REGULAR"
              }
            ],
            "remove_default_node_pool": null,
            "resource_labels": {},
            "resource_usage_export_config": [],
            "self_link": "https://container.googleapis.com/v1/projects/k8s-test5/zones/europe-west1-d/clusters/main",
            "service_external_ips_config": [
              {
                "enabled": false
              }
            ],
            "services_ipv4_cidr": "10.63.240.0/20",
            "subnetwork": "projects/k8s-test5/regions/europe-west1/subnetworks/default",
            "tpu_ipv4_cidr_block": "",
            "vertical_pod_autoscaling": [],
            "workload_identity_config": [
              {
                "workload_pool": "k8s-test5.svc.id.goog"
              }
            ]
          },
          "sensitive_attributes": []
        }
      ]
    }
  ],
  "check_results": null
}
